
Microsoft Visual Studio Solution File, Format Version 12.00
# Visual Studio Version 17
VisualStudioVersion = 17.11.35327.3
MinimumVisualStudioVersion = 10.0.40219.1
Project("{9A19103F-16F7-4668-BE54-9A1E7A4F7556}") = "WebApi", "WebApi\WebApi.csproj", "{8C30C580-B8BF-4DBE-A08A-3C64071627F2}"
EndProject
Project("{2150E333-8FDC-42A3-9474-1A3956D46DE8}") = "Plugins", "Plugins", "{A2CD570D-B20B-4A3C-AA57-6D404435B628}"
EndProject
Project("{9A19103F-16F7-4668-BE54-9A1E7A4F7556}") = "Attributes", "Attributes\Attributes.csproj", "{DA896A33-8857-4A75-BE73-FF804114827D}"
EndProject
Project("{9A19103F-16F7-4668-BE54-9A1E7A4F7556}") = "Base", "Base\Base.csproj", "{8113C41A-9D59-4E54-827E-40BA6B0BCA51}"
EndProject
Project("{FAE04EC0-301F-11D3-BF4B-00C04F79EFBC}") = "DataService", "DataService\DataService.csproj", "{CE025956-92BA-445D-9B3C-1EF42C562A1C}"
EndProject
Project("{FAE04EC0-301F-11D3-BF4B-00C04F79EFBC}") = "Abstractions", "Abstractions\Abstractions.csproj", "{FFA9B6DE-DAA9-4D79-9F38-ADA0BA07A263}"
EndProject
Project("{FAE04EC0-301F-11D3-BF4B-00C04F79EFBC}") = "ObdSpeedPlugin", "ObdSpeedPlugin\ObdSpeedPlugin.csproj", "{CD7EE59A-663F-4308-A754-82484545A0A4}"
EndProject
Project("{FAE04EC0-301F-11D3-BF4B-00C04F79EFBC}") = "LatitudePlugin", "LatitudePlugin\LatitudePlugin.csproj", "{3743C2F6-83D1-4ED0-AF2F-CE9CA2DDEFCE}"
EndProject
Project("{FAE04EC0-301F-11D3-BF4B-00C04F79EFBC}") = "LongitudePlugin", "LongitudePlugin\LongitudePlugin.csproj", "{CF026CF7-CCBF-41B9-9B82-3716C7FB1453}"
EndProject
Project("{FAE04EC0-301F-11D3-BF4B-00C04F79EFBC}") = "AltitudePlugin", "AltitudePlugin\AltitudePlugin.csproj", "{D86D4A14-D444-4724-8C3A-105590723ADF}"
EndProject
Project("{FAE04EC0-301F-11D3-BF4B-00C04F79EFBC}") = "EngineLoadPlugin", "EngineLoadPlugin\EngineLoadPlugin.csproj", "{A646BE57-D2C2-4324-B613-373495495CE8}"
EndProject
Project("{FAE04EC0-301F-11D3-BF4B-00C04F79EFBC}") = "CoolantTemperaturePlugin", "CoolantTemperaturePlugin\CoolantTemperaturePlugin.csproj", "{0AFB98A4-AB3C-44ED-A032-81AA8262DED4}"
EndProject
Project("{FAE04EC0-301F-11D3-BF4B-00C04F79EFBC}") = "EngineRpmPlugin", "EngineRpmPlugin\EngineRpmPlugin.csproj", "{CAB7785A-A620-494E-95EA-2113F02EABA6}"
EndProject
Project("{FAE04EC0-301F-11D3-BF4B-00C04F79EFBC}") = "GpsSpeedPlugin", "GpsSpeedPlugin\GpsSpeedPlugin.csproj", "{900C1862-EB37-44BC-8317-E37C8005AA5F}"
EndProject
Project("{FAE04EC0-301F-11D3-BF4B-00C04F79EFBC}") = "Persistence", "Persistence\Persistence.csproj", "{904112E0-CA5F-4EC0-9D38-E311D56ACF9A}"
EndProject
Global
	GlobalSection(SolutionConfigurationPlatforms) = preSolution
		Debug|Any CPU = Debug|Any CPU
		Release|Any CPU = Release|Any CPU
	EndGlobalSection
	GlobalSection(ProjectConfigurationPlatforms) = postSolution
		{8C30C580-B8BF-4DBE-A08A-3C64071627F2}.Debug|Any CPU.ActiveCfg = Debug|Any CPU
		{8C30C580-B8BF-4DBE-A08A-3C64071627F2}.Debug|Any CPU.Build.0 = Debug|Any CPU
		{8C30C580-B8BF-4DBE-A08A-3C64071627F2}.Release|Any CPU.ActiveCfg = Release|Any CPU
		{8C30C580-B8BF-4DBE-A08A-3C64071627F2}.Release|Any CPU.Build.0 = Release|Any CPU
		{DA896A33-8857-4A75-BE73-FF804114827D}.Debug|Any CPU.ActiveCfg = Debug|Any CPU
		{DA896A33-8857-4A75-BE73-FF804114827D}.Debug|Any CPU.Build.0 = Debug|Any CPU
		{DA896A33-8857-4A75-BE73-FF804114827D}.Release|Any CPU.ActiveCfg = Release|Any CPU
		{DA896A33-8857-4A75-BE73-FF804114827D}.Release|Any CPU.Build.0 = Release|Any CPU
		{8113C41A-9D59-4E54-827E-40BA6B0BCA51}.Debug|Any CPU.ActiveCfg = Debug|Any CPU
		{8113C41A-9D59-4E54-827E-40BA6B0BCA51}.Debug|Any CPU.Build.0 = Debug|Any CPU
		{8113C41A-9D59-4E54-827E-40BA6B0BCA51}.Release|Any CPU.ActiveCfg = Release|Any CPU
		{8113C41A-9D59-4E54-827E-40BA6B0BCA51}.Release|Any CPU.Build.0 = Release|Any CPU
		{CE025956-92BA-445D-9B3C-1EF42C562A1C}.Debug|Any CPU.ActiveCfg = Debug|Any CPU
		{CE025956-92BA-445D-9B3C-1EF42C562A1C}.Debug|Any CPU.Build.0 = Debug|Any CPU
		{CE025956-92BA-445D-9B3C-1EF42C562A1C}.Release|Any CPU.ActiveCfg = Release|Any CPU
		{CE025956-92BA-445D-9B3C-1EF42C562A1C}.Release|Any CPU.Build.0 = Release|Any CPU
		{FFA9B6DE-DAA9-4D79-9F38-ADA0BA07A263}.Debug|Any CPU.ActiveCfg = Debug|Any CPU
		{FFA9B6DE-DAA9-4D79-9F38-ADA0BA07A263}.Debug|Any CPU.Build.0 = Debug|Any CPU
		{FFA9B6DE-DAA9-4D79-9F38-ADA0BA07A263}.Release|Any CPU.ActiveCfg = Release|Any CPU
		{FFA9B6DE-DAA9-4D79-9F38-ADA0BA07A263}.Release|Any CPU.Build.0 = Release|Any CPU
		{CD7EE59A-663F-4308-A754-82484545A0A4}.Debug|Any CPU.ActiveCfg = Debug|Any CPU
		{CD7EE59A-663F-4308-A754-82484545A0A4}.Debug|Any CPU.Build.0 = Debug|Any CPU
		{CD7EE59A-663F-4308-A754-82484545A0A4}.Release|Any CPU.ActiveCfg = Release|Any CPU
		{CD7EE59A-663F-4308-A754-82484545A0A4}.Release|Any CPU.Build.0 = Release|Any CPU
		{3743C2F6-83D1-4ED0-AF2F-CE9CA2DDEFCE}.Debug|Any CPU.ActiveCfg = Debug|Any CPU
		{3743C2F6-83D1-4ED0-AF2F-CE9CA2DDEFCE}.Debug|Any CPU.Build.0 = Debug|Any CPU
		{3743C2F6-83D1-4ED0-AF2F-CE9CA2DDEFCE}.Release|Any CPU.ActiveCfg = Release|Any CPU
		{3743C2F6-83D1-4ED0-AF2F-CE9CA2DDEFCE}.Release|Any CPU.Build.0 = Release|Any CPU
		{CF026CF7-CCBF-41B9-9B82-3716C7FB1453}.Debug|Any CPU.ActiveCfg = Debug|Any CPU
		{CF026CF7-CCBF-41B9-9B82-3716C7FB1453}.Debug|Any CPU.Build.0 = Debug|Any CPU
		{CF026CF7-CCBF-41B9-9B82-3716C7FB1453}.Release|Any CPU.ActiveCfg = Release|Any CPU
		{CF026CF7-CCBF-41B9-9B82-3716C7FB1453}.Release|Any CPU.Build.0 = Release|Any CPU
		{D86D4A14-D444-4724-8C3A-105590723ADF}.Debug|Any CPU.ActiveCfg = Debug|Any CPU
		{D86D4A14-D444-4724-8C3A-105590723ADF}.Debug|Any CPU.Build.0 = Debug|Any CPU
		{D86D4A14-D444-4724-8C3A-105590723ADF}.Release|Any CPU.ActiveCfg = Release|Any CPU
		{D86D4A14-D444-4724-8C3A-105590723ADF}.Release|Any CPU.Build.0 = Release|Any CPU
		{A646BE57-D2C2-4324-B613-373495495CE8}.Debug|Any CPU.ActiveCfg = Debug|Any CPU
		{A646BE57-D2C2-4324-B613-373495495CE8}.Debug|Any CPU.Build.0 = Debug|Any CPU
		{A646BE57-D2C2-4324-B613-373495495CE8}.Release|Any CPU.ActiveCfg = Release|Any CPU
		{A646BE57-D2C2-4324-B613-373495495CE8}.Release|Any CPU.Build.0 = Release|Any CPU
		{0AFB98A4-AB3C-44ED-A032-81AA8262DED4}.Debug|Any CPU.ActiveCfg = Debug|Any CPU
		{0AFB98A4-AB3C-44ED-A032-81AA8262DED4}.Debug|Any CPU.Build.0 = Debug|Any CPU
		{0AFB98A4-AB3C-44ED-A032-81AA8262DED4}.Release|Any CPU.ActiveCfg = Release|Any CPU
		{0AFB98A4-AB3C-44ED-A032-81AA8262DED4}.Release|Any CPU.Build.0 = Release|Any CPU
		{CAB7785A-A620-494E-95EA-2113F02EABA6}.Debug|Any CPU.ActiveCfg = Debug|Any CPU
		{CAB7785A-A620-494E-95EA-2113F02EABA6}.Debug|Any CPU.Build.0 = Debug|Any CPU
		{CAB7785A-A620-494E-95EA-2113F02EABA6}.Release|Any CPU.ActiveCfg = Release|Any CPU
		{CAB7785A-A620-494E-95EA-2113F02EABA6}.Release|Any CPU.Build.0 = Release|Any CPU
		{900C1862-EB37-44BC-8317-E37C8005AA5F}.Debug|Any CPU.ActiveCfg = Debug|Any CPU
		{900C1862-EB37-44BC-8317-E37C8005AA5F}.Debug|Any CPU.Build.0 = Debug|Any CPU
		{900C1862-EB37-44BC-8317-E37C8005AA5F}.Release|Any CPU.ActiveCfg = Release|Any CPU
		{900C1862-EB37-44BC-8317-E37C8005AA5F}.Release|Any CPU.Build.0 = Release|Any CPU
		{904112E0-CA5F-4EC0-9D38-E311D56ACF9A}.Debug|Any CPU.ActiveCfg = Debug|Any CPU
		{904112E0-CA5F-4EC0-9D38-E311D56ACF9A}.Debug|Any CPU.Build.0 = Debug|Any CPU
		{904112E0-CA5F-4EC0-9D38-E311D56ACF9A}.Release|Any CPU.ActiveCfg = Release|Any CPU
		{904112E0-CA5F-4EC0-9D38-E311D56ACF9A}.Release|Any CPU.Build.0 = Release|Any CPU
	EndGlobalSection
	GlobalSection(SolutionProperties) = preSolution
		HideSolutionNode = FALSE
	EndGlobalSection
	GlobalSection(NestedProjects) = preSolution
		{CD7EE59A-663F-4308-A754-82484545A0A4} = {A2CD570D-B20B-4A3C-AA57-6D404435B628}
		{3743C2F6-83D1-4ED0-AF2F-CE9CA2DDEFCE} = {A2CD570D-B20B-4A3C-AA57-6D404435B628}
		{CF026CF7-CCBF-41B9-9B82-3716C7FB1453} = {A2CD570D-B20B-4A3C-AA57-6D404435B628}
		{D86D4A14-D444-4724-8C3A-105590723ADF} = {A2CD570D-B20B-4A3C-AA57-6D404435B628}
		{A646BE57-D2C2-4324-B613-373495495CE8} = {A2CD570D-B20B-4A3C-AA57-6D404435B628}
		{0AFB98A4-AB3C-44ED-A032-81AA8262DED4} = {A2CD570D-B20B-4A3C-AA57-6D404435B628}
		{CAB7785A-A620-494E-95EA-2113F02EABA6} = {A2CD570D-B20B-4A3C-AA57-6D404435B628}
		{900C1862-EB37-44BC-8317-E37C8005AA5F} = {A2CD570D-B20B-4A3C-AA57-6D404435B628}
	EndGlobalSection
	GlobalSection(ExtensibilityGlobals) = postSolution
		SolutionGuid = {3C6972D4-FCBC-4E22-8EDE-F999B2BA7722}
	EndGlobalSection
EndGlobal
